
Microsoft Visual Studio Solution File, Format Version 12.00
# Visual Studio 15
VisualStudioVersion = 15.0.26124.0
MinimumVisualStudioVersion = 15.0.26124.0
Project("{FAE04EC0-301F-11D3-BF4B-00C04F79EFBC}") = "ConsoleApplicationFramework.Library", "ConsoleApplicationFramework.Library\ConsoleApplicationFramework.Library.csproj", "{171148AE-43D0-4F55-849E-0CB201FAEA66}"
EndProject
Project("{FAE04EC0-301F-11D3-BF4B-00C04F79EFBC}") = "ConsoleApplicationFramework.Sample", "ConsoleApplicationFramework.Sample\ConsoleApplicationFramework.Sample.csproj", "{7D14E544-34CB-42F9-93DF-943282C766EA}"
EndProject
Global
	GlobalSection(SolutionConfigurationPlatforms) = preSolution
		Debug|Any CPU = Debug|Any CPU
		Debug|x64 = Debug|x64
		Debug|x86 = Debug|x86
		Release|Any CPU = Release|Any CPU
		Release|x64 = Release|x64
		Release|x86 = Release|x86
	EndGlobalSection
	GlobalSection(SolutionProperties) = preSolution
		HideSolutionNode = FALSE
	EndGlobalSection
	GlobalSection(ProjectConfigurationPlatforms) = postSolution
		{171148AE-43D0-4F55-849E-0CB201FAEA66}.Debug|Any CPU.ActiveCfg = Debug|Any CPU
		{171148AE-43D0-4F55-849E-0CB201FAEA66}.Debug|Any CPU.Build.0 = Debug|Any CPU
		{171148AE-43D0-4F55-849E-0CB201FAEA66}.Debug|x64.ActiveCfg = Debug|Any CPU
		{171148AE-43D0-4F55-849E-0CB201FAEA66}.Debug|x64.Build.0 = Debug|Any CPU
		{171148AE-43D0-4F55-849E-0CB201FAEA66}.Debug|x86.ActiveCfg = Debug|Any CPU
		{171148AE-43D0-4F55-849E-0CB201FAEA66}.Debug|x86.Build.0 = Debug|Any CPU
		{171148AE-43D0-4F55-849E-0CB201FAEA66}.Release|Any CPU.ActiveCfg = Release|Any CPU
		{171148AE-43D0-4F55-849E-0CB201FAEA66}.Release|Any CPU.Build.0 = Release|Any CPU
		{171148AE-43D0-4F55-849E-0CB201FAEA66}.Release|x64.ActiveCfg = Release|Any CPU
		{171148AE-43D0-4F55-849E-0CB201FAEA66}.Release|x64.Build.0 = Release|Any CPU
		{171148AE-43D0-4F55-849E-0CB201FAEA66}.Release|x86.ActiveCfg = Release|Any CPU
		{171148AE-43D0-4F55-849E-0CB201FAEA66}.Release|x86.Build.0 = Release|Any CPU
		{7D14E544-34CB-42F9-93DF-943282C766EA}.Debug|Any CPU.ActiveCfg = Debug|Any CPU
		{7D14E544-34CB-42F9-93DF-943282C766EA}.Debug|Any CPU.Build.0 = Debug|Any CPU
		{7D14E544-34CB-42F9-93DF-943282C766EA}.Debug|x64.ActiveCfg = Debug|Any CPU
		{7D14E544-34CB-42F9-93DF-943282C766EA}.Debug|x64.Build.0 = Debug|Any CPU
		{7D14E544-34CB-42F9-93DF-943282C766EA}.Debug|x86.ActiveCfg = Debug|Any CPU
		{7D14E544-34CB-42F9-93DF-943282C766EA}.Debug|x86.Build.0 = Debug|Any CPU
		{7D14E544-34CB-42F9-93DF-943282C766EA}.Release|Any CPU.ActiveCfg = Release|Any CPU
		{7D14E544-34CB-42F9-93DF-943282C766EA}.Release|Any CPU.Build.0 = Release|Any CPU
		{7D14E544-34CB-42F9-93DF-943282C766EA}.Release|x64.ActiveCfg = Release|Any CPU
		{7D14E544-34CB-42F9-93DF-943282C766EA}.Release|x64.Build.0 = Release|Any CPU
		{7D14E544-34CB-42F9-93DF-943282C766EA}.Release|x86.ActiveCfg = Release|Any CPU
		{7D14E544-34CB-42F9-93DF-943282C766EA}.Release|x86.Build.0 = Release|Any CPU
	EndGlobalSection
EndGlobal
